// !$*UTF8*$!
{
	archiveVersion = 1;
	classes = {
	};
	objectVersion = 56;
	objects = {

/* Begin PBXBuildFile section */
		B96E67A02B332EAF00B6DB08 /* SampleWatchApp Watch App.app in Embed Watch Content */ = {isa = PBXBuildFile; fileRef = B96E679F2B332EAF00B6DB08 /* SampleWatchApp Watch App.app */; settings = {ATTRIBUTES = (RemoveHeadersOnCopy, ); }; };
		B96E67A52B332EAF00B6DB08 /* SampleWatchAppApp.swift in Sources */ = {isa = PBXBuildFile; fileRef = B96E67A42B332EAF00B6DB08 /* SampleWatchAppApp.swift */; };
		B96E67A72B332EAF00B6DB08 /* ContentView.swift in Sources */ = {isa = PBXBuildFile; fileRef = B96E67A62B332EAF00B6DB08 /* ContentView.swift */; };
		B96E67A92B332EB000B6DB08 /* Assets.xcassets in Resources */ = {isa = PBXBuildFile; fileRef = B96E67A82B332EB000B6DB08 /* Assets.xcassets */; };
		B96E67AC2B332EB000B6DB08 /* Preview Assets.xcassets in Resources */ = {isa = PBXBuildFile; fileRef = B96E67AB2B332EB000B6DB08 /* Preview Assets.xcassets */; };
/* End PBXBuildFile section */

/* Begin PBXContainerItemProxy section */
		B96E67A12B332EAF00B6DB08 /* PBXContainerItemProxy */ = {
			isa = PBXContainerItemProxy;
			containerPortal = B96E67932B332EAF00B6DB08 /* Project object */;
			proxyType = 1;
			remoteGlobalIDString = B96E679E2B332EAF00B6DB08;
			remoteInfo = "SampleWatchApp Watch App";
		};
/* End PBXContainerItemProxy section */

/* Begin PBXCopyFilesBuildPhase section */
		B96E67B22B332EB000B6DB08 /* Embed Watch Content */ = {
			isa = PBXCopyFilesBuildPhase;
			buildActionMask = 2147483647;
			dstPath = "$(CONTENTS_FOLDER_PATH)/Watch";
			dstSubfolderSpec = 16;
			files = (
				B96E67A02B332EAF00B6DB08 /* SampleWatchApp Watch App.app in Embed Watch Content */,
			);
			name = "Embed Watch Content";
			runOnlyForDeploymentPostprocessing = 0;
		};
/* End PBXCopyFilesBuildPhase section */

/* Begin PBXFileReference section */
		B96E67992B332EAF00B6DB08 /* SampleWatchApp.app */ = {isa = PBXFileReference; explicitFileType = wrapper.application; includeInIndex = 0; path = SampleWatchApp.app; sourceTree = BUILT_PRODUCTS_DIR; };
		B96E679F2B332EAF00B6DB08 /* SampleWatchApp Watch App.app */ = {isa = PBXFileReference; explicitFileType = wrapper.application; includeInIndex = 0; path = "SampleWatchApp Watch App.app"; sourceTree = BUILT_PRODUCTS_DIR; };
		B96E67A42B332EAF00B6DB08 /* SampleWatchAppApp.swift */ = {isa = PBXFileReference; lastKnownFileType = sourcecode.swift; path = SampleWatchAppApp.swift; sourceTree = "<group>"; };
		B96E67A62B332EAF00B6DB08 /* ContentView.swift */ = {isa = PBXFileReference; lastKnownFileType = sourcecode.swift; path = ContentView.swift; sourceTree = "<group>"; };
		B96E67A82B332EB000B6DB08 /* Assets.xcassets */ = {isa = PBXFileReference; lastKnownFileType = folder.assetcatalog; path = Assets.xcassets; sourceTree = "<group>"; };
		B96E67AB2B332EB000B6DB08 /* Preview Assets.xcassets */ = {isa = PBXFileReference; lastKnownFileType = folder.assetcatalog; path = "Preview Assets.xcassets"; sourceTree = "<group>"; };
/* End PBXFileReference section */

/* Begin PBXFrameworksBuildPhase section */
		B96E679C2B332EAF00B6DB08 /* Frameworks */ = {
			isa = PBXFrameworksBuildPhase;
			buildActionMask = 2147483647;
			files = (
			);
			runOnlyForDeploymentPostprocessing = 0;
		};
/* End PBXFrameworksBuildPhase section */

/* Begin PBXGroup section */
		B96E67922B332EAF00B6DB08 = {
			isa = PBXGroup;
			children = (
				B96E67A32B332EAF00B6DB08 /* SampleWatchApp Watch App */,
				B96E679A2B332EAF00B6DB08 /* Products */,
			);
			sourceTree = "<group>";
		};
		B96E679A2B332EAF00B6DB08 /* Products */ = {
			isa = PBXGroup;
			children = (
				B96E67992B332EAF00B6DB08 /* SampleWatchApp.app */,
				B96E679F2B332EAF00B6DB08 /* SampleWatchApp Watch App.app */,
			);
			name = Products;
			sourceTree = "<group>";
		};
		B96E67A32B332EAF00B6DB08 /* SampleWatchApp Watch App */ = {
			isa = PBXGroup;
			children = (
				B96E67A42B332EAF00B6DB08 /* SampleWatchAppApp.swift */,
				B96E67A62B332EAF00B6DB08 /* ContentView.swift */,
				B96E67A82B332EB000B6DB08 /* Assets.xcassets */,
				B96E67AA2B332EB000B6DB08 /* Preview Content */,
			);
			path = "SampleWatchApp Watch App";
			sourceTree = "<group>";
		};
		B96E67AA2B332EB000B6DB08 /* Preview Content */ = {
			isa = PBXGroup;
			children = (
				B96E67AB2B332EB000B6DB08 /* Preview Assets.xcassets */,
			);
			path = "Preview Content";
			sourceTree = "<group>";
		};
/* End PBXGroup section */

/* Begin PBXNativeTarget section */
		B96E67982B332EAF00B6DB08 /* SampleWatchApp */ = {
			isa = PBXNativeTarget;
			buildConfigurationList = B96E67B32B332EB000B6DB08 /* Build configuration list for PBXNativeTarget "SampleWatchApp" */;
			buildPhases = (
				B96E67972B332EAF00B6DB08 /* Resources */,
				B96E67B22B332EB000B6DB08 /* Embed Watch Content */,
			);
			buildRules = (
			);
			dependencies = (
				B96E67A22B332EAF00B6DB08 /* PBXTargetDependency */,
			);
			name = SampleWatchApp;
			productName = SampleWatchApp;
			productReference = B96E67992B332EAF00B6DB08 /* SampleWatchApp.app */;
			productType = "com.apple.product-type.application.watchapp2-container";
		};
		B96E679E2B332EAF00B6DB08 /* SampleWatchApp Watch App */ = {
			isa = PBXNativeTarget;
			buildConfigurationList = B96E67AF2B332EB000B6DB08 /* Build configuration list for PBXNativeTarget "SampleWatchApp Watch App" */;
			buildPhases = (
				B96E679B2B332EAF00B6DB08 /* Sources */,
				B96E679C2B332EAF00B6DB08 /* Frameworks */,
				B96E679D2B332EAF00B6DB08 /* Resources */,
			);
			buildRules = (
			);
			dependencies = (
			);
			name = "SampleWatchApp Watch App";
			productName = "SampleWatchApp Watch App";
			productReference = B96E679F2B332EAF00B6DB08 /* SampleWatchApp Watch App.app */;
			productType = "com.apple.product-type.application";
		};
/* End PBXNativeTarget section */

/* Begin PBXProject section */
		B96E67932B332EAF00B6DB08 /* Project object */ = {
			isa = PBXProject;
			attributes = {
				BuildIndependentTargetsInParallel = 1;
				LastSwiftUpdateCheck = 1510;
				LastUpgradeCheck = 1510;
				TargetAttributes = {
					B96E67982B332EAF00B6DB08 = {
						CreatedOnToolsVersion = 15.1;
					};
					B96E679E2B332EAF00B6DB08 = {
						CreatedOnToolsVersion = 15.1;
					};
				};
			};
			buildConfigurationList = B96E67962B332EAF00B6DB08 /* Build configuration list for PBXProject "SampleWatchApp" */;
			compatibilityVersion = "Xcode 14.0";
			developmentRegion = en;
			hasScannedForEncodings = 0;
			knownRegions = (
				en,
				Base,
			);
			mainGroup = B96E67922B332EAF00B6DB08;
			productRefGroup = B96E679A2B332EAF00B6DB08 /* Products */;
			projectDirPath = "";
			projectRoot = "";
			targets = (
				B96E67982B332EAF00B6DB08 /* SampleWatchApp */,
				B96E679E2B332EAF00B6DB08 /* SampleWatchApp Watch App */,
			);
		};
/* End PBXProject section */

/* Begin PBXResourcesBuildPhase section */
		B96E67972B332EAF00B6DB08 /* Resources */ = {
			isa = PBXResourcesBuildPhase;
			buildActionMask = 2147483647;
			files = (
			);
			runOnlyForDeploymentPostprocessing = 0;
		};
		B96E679D2B332EAF00B6DB08 /* Resources */ = {
			isa = PBXResourcesBuildPhase;
			buildActionMask = 2147483647;
			files = (
				B96E67AC2B332EB000B6DB08 /* Preview Assets.xcassets in Resources */,
				B96E67A92B332EB000B6DB08 /* Assets.xcassets in Resources */,
			);
			runOnlyForDeploymentPostprocessing = 0;
		};
/* End PBXResourcesBuildPhase section */

/* Begin PBXSourcesBuildPhase section */
		B96E679B2B332EAF00B6DB08 /* Sources */ = {
			isa = PBXSourcesBuildPhase;
			buildActionMask = 2147483647;
			files = (
				B96E67A72B332EAF00B6DB08 /* ContentView.swift in Sources */,
				B96E67A52B332EAF00B6DB08 /* SampleWatchAppApp.swift in Sources */,
			);
			runOnlyForDeploymentPostprocessing = 0;
		};
/* End PBXSourcesBuildPhase section */

/* Begin PBXTargetDependency section */
		B96E67A22B332EAF00B6DB08 /* PBXTargetDependency */ = {
			isa = PBXTargetDependency;
			target = B96E679E2B332EAF00B6DB08 /* SampleWatchApp Watch App */;
			targetProxy = B96E67A12B332EAF00B6DB08 /* PBXContainerItemProxy */;
		};
/* End PBXTargetDependency section */

/* Begin XCBuildConfiguration section */
		B96E67AD2B332EB000B6DB08 /* Debug */ = {
			isa = XCBuildConfiguration;
			buildSettings = {
				ALWAYS_SEARCH_USER_PATHS = NO;
				ASSETCATALOG_COMPILER_GENERATE_SWIFT_ASSET_SYMBOL_EXTENSIONS = YES;
				CLANG_ANALYZER_NONNULL = YES;
				CLANG_ANALYZER_NUMBER_OBJECT_CONVERSION = YES_AGGRESSIVE;
				CLANG_CXX_LANGUAGE_STANDARD = "gnu++20";
				CLANG_ENABLE_MODULES = YES;
				CLANG_ENABLE_OBJC_ARC = YES;
				CLANG_ENABLE_OBJC_WEAK = YES;
				CLANG_WARN_BLOCK_CAPTURE_AUTORELEASING = YES;
				CLANG_WARN_BOOL_CONVERSION = YES;
				CLANG_WARN_COMMA = YES;
				CLANG_WARN_CONSTANT_CONVERSION = YES;
				CLANG_WARN_DEPRECATED_OBJC_IMPLEMENTATIONS = YES;
				CLANG_WARN_DIRECT_OBJC_ISA_USAGE = YES_ERROR;
				CLANG_WARN_DOCUMENTATION_COMMENTS = YES;
				CLANG_WARN_EMPTY_BODY = YES;
				CLANG_WARN_ENUM_CONVERSION = YES;
				CLANG_WARN_INFINITE_RECURSION = YES;
				CLANG_WARN_INT_CONVERSION = YES;
				CLANG_WARN_NON_LITERAL_NULL_CONVERSION = YES;
				CLANG_WARN_OBJC_IMPLICIT_RETAIN_SELF = YES;
				CLANG_WARN_OBJC_LITERAL_CONVERSION = YES;
				CLANG_WARN_OBJC_ROOT_CLASS = YES_ERROR;
				CLANG_WARN_QUOTED_INCLUDE_IN_FRAMEWORK_HEADER = YES;
				CLANG_WARN_RANGE_LOOP_ANALYSIS = YES;
				CLANG_WARN_STRICT_PROTOTYPES = YES;
				CLANG_WARN_SUSPICIOUS_MOVE = YES;
				CLANG_WARN_UNGUARDED_AVAILABILITY = YES_AGGRESSIVE;
				CLANG_WARN_UNREACHABLE_CODE = YES;
				CLANG_WARN__DUPLICATE_METHOD_MATCH = YES;
				COPY_PHASE_STRIP = NO;
				DEBUG_INFORMATION_FORMAT = dwarf;
				ENABLE_STRICT_OBJC_MSGSEND = YES;
				ENABLE_TESTABILITY = YES;
				ENABLE_USER_SCRIPT_SANDBOXING = YES;
				GCC_C_LANGUAGE_STANDARD = gnu17;
				GCC_DYNAMIC_NO_PIC = NO;
				GCC_NO_COMMON_BLOCKS = YES;
				GCC_OPTIMIZATION_LEVEL = 0;
				GCC_PREPROCESSOR_DEFINITIONS = (
					"DEBUG=1",
					"$(inherited)",
				);
				GCC_WARN_64_TO_32_BIT_CONVERSION = YES;
				GCC_WARN_ABOUT_RETURN_TYPE = YES_ERROR;
				GCC_WARN_UNDECLARED_SELECTOR = YES;
				GCC_WARN_UNINITIALIZED_AUTOS = YES_AGGRESSIVE;
				GCC_WARN_UNUSED_FUNCTION = YES;
				GCC_WARN_UNUSED_VARIABLE = YES;
				LOCALIZATION_PREFERS_STRING_CATALOGS = YES;
				MTL_ENABLE_DEBUG_INFO = INCLUDE_SOURCE;
				MTL_FAST_MATH = YES;
				ONLY_ACTIVE_ARCH = YES;
				SWIFT_ACTIVE_COMPILATION_CONDITIONS = "DEBUG $(inherited)";
				SWIFT_OPTIMIZATION_LEVEL = "-Onone";
			};
			name = Debug;
		};
		B96E67AE2B332EB000B6DB08 /* Release */ = {
			isa = XCBuildConfiguration;
			buildSettings = {
				ALWAYS_SEARCH_USER_PATHS = NO;
				ASSETCATALOG_COMPILER_GENERATE_SWIFT_ASSET_SYMBOL_EXTENSIONS = YES;
				CLANG_ANALYZER_NONNULL = YES;
				CLANG_ANALYZER_NUMBER_OBJECT_CONVERSION = YES_AGGRESSIVE;
				CLANG_CXX_LANGUAGE_STANDARD = "gnu++20";
				CLANG_ENABLE_MODULES = YES;
				CLANG_ENABLE_OBJC_ARC = YES;
				CLANG_ENABLE_OBJC_WEAK = YES;
				CLANG_WARN_BLOCK_CAPTURE_AUTORELEASING = YES;
				CLANG_WARN_BOOL_CONVERSION = YES;
				CLANG_WARN_COMMA = YES;
				CLANG_WARN_CONSTANT_CONVERSION = YES;
				CLANG_WARN_DEPRECATED_OBJC_IMPLEMENTATIONS = YES;
				CLANG_WARN_DIRECT_OBJC_ISA_USAGE = YES_ERROR;
				CLANG_WARN_DOCUMENTATION_COMMENTS = YES;
				CLANG_WARN_EMPTY_BODY = YES;
				CLANG_WARN_ENUM_CONVERSION = YES;
				CLANG_WARN_INFINITE_RECURSION = YES;
				CLANG_WARN_INT_CONVERSION = YES;
				CLANG_WARN_NON_LITERAL_NULL_CONVERSION = YES;
				CLANG_WARN_OBJC_IMPLICIT_RETAIN_SELF = YES;
				CLANG_WARN_OBJC_LITERAL_CONVERSION = YES;
				CLANG_WARN_OBJC_ROOT_CLASS = YES_ERROR;
				CLANG_WARN_QUOTED_INCLUDE_IN_FRAMEWORK_HEADER = YES;
				CLANG_WARN_RANGE_LOOP_ANALYSIS = YES;
				CLANG_WARN_STRICT_PROTOTYPES = YES;
				CLANG_WARN_SUSPICIOUS_MOVE = YES;
				CLANG_WARN_UNGUARDED_AVAILABILITY = YES_AGGRESSIVE;
				CLANG_WARN_UNREACHABLE_CODE = YES;
				CLANG_WARN__DUPLICATE_METHOD_MATCH = YES;
				COPY_PHASE_STRIP = NO;
				DEBUG_INFORMATION_FORMAT = "dwarf-with-dsym";
				ENABLE_NS_ASSERTIONS = NO;
				ENABLE_STRICT_OBJC_MSGSEND = YES;
				ENABLE_USER_SCRIPT_SANDBOXING = YES;
				GCC_C_LANGUAGE_STANDARD = gnu17;
				GCC_NO_COMMON_BLOCKS = YES;
				GCC_WARN_64_TO_32_BIT_CONVERSION = YES;
				GCC_WARN_ABOUT_RETURN_TYPE = YES_ERROR;
				GCC_WARN_UNDECLARED_SELECTOR = YES;
				GCC_WARN_UNINITIALIZED_AUTOS = YES_AGGRESSIVE;
				GCC_WARN_UNUSED_FUNCTION = YES;
				GCC_WARN_UNUSED_VARIABLE = YES;
				LOCALIZATION_PREFERS_STRING_CATALOGS = YES;
				MTL_ENABLE_DEBUG_INFO = NO;
				MTL_FAST_MATH = YES;
				SWIFT_COMPILATION_MODE = wholemodule;
			};
			name = Release;
		};
		B96E67B02B332EB000B6DB08 /* Debug */ = {
			isa = XCBuildConfiguration;
			buildSettings = {
				ASSETCATALOG_COMPILER_APPICON_NAME = AppIcon;
				ASSETCATALOG_COMPILER_GLOBAL_ACCENT_COLOR_NAME = AccentColor;
				CODE_SIGN_STYLE = Automatic;
				CURRENT_PROJECT_VERSION = 1;
				DEVELOPMENT_ASSET_PATHS = "\"SampleWatchApp Watch App/Preview Content\"";
				DEVELOPMENT_TEAM = 8P4HGG9FLJ;
				ENABLE_PREVIEWS = YES;
				GENERATE_INFOPLIST_FILE = YES;
				INFOPLIST_KEY_CFBundleDisplayName = SampleWatchApp;
				INFOPLIST_KEY_UISupportedInterfaceOrientations = "UIInterfaceOrientationPortrait UIInterfaceOrientationPortraitUpsideDown";
				INFOPLIST_KEY_WKWatchOnly = YES;
				LD_RUNPATH_SEARCH_PATHS = (
					"$(inherited)",
					"@executable_path/Frameworks",
				);
				MARKETING_VERSION = 1.0;
				PRODUCT_BUNDLE_IDENTIFIER = "Andrew-Ferchland.SampleWatchApp.watchkitapp";
				PRODUCT_NAME = "$(TARGET_NAME)";
				SDKROOT = watchos;
				SKIP_INSTALL = YES;
				SWIFT_EMIT_LOC_STRINGS = YES;
				SWIFT_VERSION = 5.0;
				TARGETED_DEVICE_FAMILY = 4;
				WATCHOS_DEPLOYMENT_TARGET = 10.2;
			};
			name = Debug;
		};
		B96E67B12B332EB000B6DB08 /* Release */ = {
			isa = XCBuildConfiguration;
			buildSettings = {
				ASSETCATALOG_COMPILER_APPICON_NAME = AppIcon;
				ASSETCATALOG_COMPILER_GLOBAL_ACCENT_COLOR_NAME = AccentColor;
				CODE_SIGN_STYLE = Automatic;
				CURRENT_PROJECT_VERSION = 1;
				DEVELOPMENT_ASSET_PATHS = "\"SampleWatchApp Watch App/Preview Content\"";
				DEVELOPMENT_TEAM = 8P4HGG9FLJ;
				ENABLE_PREVIEWS = YES;
				GENERATE_INFOPLIST_FILE = YES;
				INFOPLIST_KEY_CFBundleDisplayName = SampleWatchApp;
				INFOPLIST_KEY_UISupportedInterfaceOrientations = "UIInterfaceOrientationPortrait UIInterfaceOrientationPortraitUpsideDown";
				INFOPLIST_KEY_WKWatchOnly = YES;
				LD_RUNPATH_SEARCH_PATHS = (
					"$(inherited)",
					"@executable_path/Frameworks",
				);
				MARKETING_VERSION = 1.0;
				PRODUCT_BUNDLE_IDENTIFIER = "Andrew-Ferchland.SampleWatchApp.watchkitapp";
				PRODUCT_NAME = "$(TARGET_NAME)";
				SDKROOT = watchos;
				SKIP_INSTALL = YES;
				SWIFT_EMIT_LOC_STRINGS = YES;
				SWIFT_VERSION = 5.0;
				TARGETED_DEVICE_FAMILY = 4;
				VALIDATE_PRODUCT = YES;
				WATCHOS_DEPLOYMENT_TARGET = 10.2;
			};
			name = Release;
		};
		B96E67B42B332EB000B6DB08 /* Debug */ = {
			isa = XCBuildConfiguration;
			buildSettings = {
				ALWAYS_EMBED_SWIFT_STANDARD_LIBRARIES = YES;
				CODE_SIGN_STYLE = Automatic;
				CURRENT_PROJECT_VERSION = 1;
				DEVELOPMENT_TEAM = 8P4HGG9FLJ;
				INFOPLIST_KEY_CFBundleDisplayName = SampleWatchApp;
				MARKETING_VERSION = 1.0;
				PRODUCT_BUNDLE_IDENTIFIER = "Andrew-Ferchland.SampleWatchApp";
				PRODUCT_NAME = "$(TARGET_NAME)";
				SDKROOT = iphoneos;
				SWIFT_VERSION = 5.0;
			};
			name = Debug;
		};
		B96E67B52B332EB000B6DB08 /* Release */ = {
			isa = XCBuildConfiguration;
			buildSettings = {
				ALWAYS_EMBED_SWIFT_STANDARD_LIBRARIES = YES;
				CODE_SIGN_STYLE = Automatic;
				CURRENT_PROJECT_VERSION = 1;
				DEVELOPMENT_TEAM = 8P4HGG9FLJ;
				INFOPLIST_KEY_CFBundleDisplayName = SampleWatchApp;
				MARKETING_VERSION = 1.0;
				PRODUCT_BUNDLE_IDENTIFIER = "Andrew-Ferchland.SampleWatchApp";
				PRODUCT_NAME = "$(TARGET_NAME)";
				SDKROOT = iphoneos;
				SWIFT_VERSION = 5.0;
				VALIDATE_PRODUCT = YES;
			};
			name = Release;
		};
/* End XCBuildConfiguration section */

/* Begin XCConfigurationList section */
		B96E67962B332EAF00B6DB08 /* Build configuration list for PBXProject "SampleWatchApp" */ = {
			isa = XCConfigurationList;
			buildConfigurations = (
				B96E67AD2B332EB000B6DB08 /* Debug */,
				B96E67AE2B332EB000B6DB08 /* Release */,
			);
			defaultConfigurationIsVisible = 0;
			defaultConfigurationName = Release;
		};
		B96E67AF2B332EB000B6DB08 /* Build configuration list for PBXNativeTarget "SampleWatchApp Watch App" */ = {
			isa = XCConfigurationList;
			buildConfigurations = (
				B96E67B02B332EB000B6DB08 /* Debug */,
				B96E67B12B332EB000B6DB08 /* Release */,
			);
			defaultConfigurationIsVisible = 0;
			defaultConfigurationName = Release;
		};
		B96E67B32B332EB000B6DB08 /* Build configuration list for PBXNativeTarget "SampleWatchApp" */ = {
			isa = XCConfigurationList;
			buildConfigurations = (
				B96E67B42B332EB000B6DB08 /* Debug */,
				B96E67B52B332EB000B6DB08 /* Release */,
			);
			defaultConfigurationIsVisible = 0;
			defaultConfigurationName = Release;
		};
/* End XCConfigurationList section */
	};
	rootObject = B96E67932B332EAF00B6DB08 /* Project object */;
}
